
Microsoft Visual Studio Solution File, Format Version 12.00
# Visual Studio Version 16
VisualStudioVersion = 16.0.29911.84
MinimumVisualStudioVersion = 10.0.40219.1
Project("{FAE04EC0-301F-11D3-BF4B-00C04F79EFBC}") = "KatBoard", "KatBoard\KatBoard.csproj", "{5873AE3D-1582-4601-9104-2FE71C7F2FB6}"
EndProject
Project("{54435603-DBB4-11D2-8724-00A0C9A8B90C}") = "KatBoard.Setup", "KatBoard.Setup\KatBoard.Setup.vdproj", "{C1F553DF-B331-4C6B-9B19-3E9E2A825B99}"
EndProject
Global
	GlobalSection(SolutionConfigurationPlatforms) = preSolution
		Debug|Any CPU = Debug|Any CPU
		Debug|x64 = Debug|x64
		Debug|x86 = Debug|x86
		Release|Any CPU = Release|Any CPU
		Release|x64 = Release|x64
		Release|x86 = Release|x86
	EndGlobalSection
	GlobalSection(ProjectConfigurationPlatforms) = postSolution
		{5873AE3D-1582-4601-9104-2FE71C7F2FB6}.Debug|Any CPU.ActiveCfg = Release|x64
		{5873AE3D-1582-4601-9104-2FE71C7F2FB6}.Debug|Any CPU.Build.0 = Release|x64
		{5873AE3D-1582-4601-9104-2FE71C7F2FB6}.Debug|x64.ActiveCfg = Debug|x64
		{5873AE3D-1582-4601-9104-2FE71C7F2FB6}.Debug|x64.Build.0 = Debug|x64
		{5873AE3D-1582-4601-9104-2FE71C7F2FB6}.Debug|x86.ActiveCfg = Release|x64
		{5873AE3D-1582-4601-9104-2FE71C7F2FB6}.Debug|x86.Build.0 = Release|x64
		{5873AE3D-1582-4601-9104-2FE71C7F2FB6}.Release|Any CPU.ActiveCfg = Release|Any CPU
		{5873AE3D-1582-4601-9104-2FE71C7F2FB6}.Release|Any CPU.Build.0 = Release|Any CPU
		{5873AE3D-1582-4601-9104-2FE71C7F2FB6}.Release|x64.ActiveCfg = Release|x86
		{5873AE3D-1582-4601-9104-2FE71C7F2FB6}.Release|x64.Build.0 = Release|x86
		{5873AE3D-1582-4601-9104-2FE71C7F2FB6}.Release|x86.ActiveCfg = Release|x86
		{C1F553DF-B331-4C6B-9B19-3E9E2A825B99}.Debug|Any CPU.ActiveCfg = Release
		{C1F553DF-B331-4C6B-9B19-3E9E2A825B99}.Debug|x64.ActiveCfg = Debug
		{C1F553DF-B331-4C6B-9B19-3E9E2A825B99}.Debug|x64.Build.0 = Debug
		{C1F553DF-B331-4C6B-9B19-3E9E2A825B99}.Debug|x86.ActiveCfg = Release
		{C1F553DF-B331-4C6B-9B19-3E9E2A825B99}.Release|Any CPU.ActiveCfg = Release
		{C1F553DF-B331-4C6B-9B19-3E9E2A825B99}.Release|x64.ActiveCfg = Release
		{C1F553DF-B331-4C6B-9B19-3E9E2A825B99}.Release|x64.Build.0 = Release
		{C1F553DF-B331-4C6B-9B19-3E9E2A825B99}.Release|x86.ActiveCfg = Release
	EndGlobalSection
	GlobalSection(SolutionProperties) = preSolution
		HideSolutionNode = FALSE
	EndGlobalSection
	GlobalSection(ExtensibilityGlobals) = postSolution
		SolutionGuid = {4D6BD25E-7993-4CC6-8E97-334C7E828F6D}
	EndGlobalSection
EndGlobal
